// !$*UTF8*$!
{
	archiveVersion = 1;
	classes = {
	};
	objectVersion = 56;
	objects = {

/* Begin PBXBuildFile section */
		48486AFC2AE41BDF00E6997E /* ShowsRepository.swift in Sources */ = {isa = PBXBuildFile; fileRef = 48486AFB2AE41BDF00E6997E /* ShowsRepository.swift */; };
		48486B012AE430BF00E6997E /* ShowsMapper.swift in Sources */ = {isa = PBXBuildFile; fileRef = 48486B002AE430BF00E6997E /* ShowsMapper.swift */; };
		485151D72AE58BD2003BCF6C /* ShowDetailsView.swift in Sources */ = {isa = PBXBuildFile; fileRef = 485151D62AE58BD2003BCF6C /* ShowDetailsView.swift */; };
		48545F942AE1795100DBDB96 /* AddShowUiState.swift in Sources */ = {isa = PBXBuildFile; fileRef = 48545F932AE1795100DBDB96 /* AddShowUiState.swift */; };
		48545F962AE1799500DBDB96 /* AddShowViewModel.swift in Sources */ = {isa = PBXBuildFile; fileRef = 48545F952AE1799500DBDB96 /* AddShowViewModel.swift */; };
		48545F9D2AE1889000DBDB96 /* Show.swift in Sources */ = {isa = PBXBuildFile; fileRef = 48545F9C2AE1889000DBDB96 /* Show.swift */; };
		48545FA02AE188E400DBDB96 /* ShowsUiState.swift in Sources */ = {isa = PBXBuildFile; fileRef = 48545F9F2AE188E400DBDB96 /* ShowsUiState.swift */; };
		48545FA22AE1893600DBDB96 /* ShowsViewModel.swift in Sources */ = {isa = PBXBuildFile; fileRef = 48545FA12AE1893600DBDB96 /* ShowsViewModel.swift */; };
		48545FA42AE18A1400DBDB96 /* ShowsView.swift in Sources */ = {isa = PBXBuildFile; fileRef = 48545FA32AE18A1400DBDB96 /* ShowsView.swift */; };
		48661AEB2AE04C400067B7D8 /* AddShowView.swift in Sources */ = {isa = PBXBuildFile; fileRef = 48661AEA2AE04C400067B7D8 /* AddShowView.swift */; };
		48661AEE2AE0518E0067B7D8 /* TextFieldStyle.swift in Sources */ = {isa = PBXBuildFile; fileRef = 48661AED2AE0518E0067B7D8 /* TextFieldStyle.swift */; };
		4899C2582AE30CCD00F34E34 /* AppView.swift in Sources */ = {isa = PBXBuildFile; fileRef = 4899C2572AE30CCD00F34E34 /* AppView.swift */; };
		489F494B2AE81CE600B747BB /* ShowDetailsUiState.swift in Sources */ = {isa = PBXBuildFile; fileRef = 489F494A2AE81CE600B747BB /* ShowDetailsUiState.swift */; };
		489F494D2AE81DE900B747BB /* ShowDetailsViewModel.swift in Sources */ = {isa = PBXBuildFile; fileRef = 489F494C2AE81DE900B747BB /* ShowDetailsViewModel.swift */; };
		48BC6CA02AE0466D00AB0C1E /* SeriesTrackerApp.swift in Sources */ = {isa = PBXBuildFile; fileRef = 48BC6C9F2AE0466D00AB0C1E /* SeriesTrackerApp.swift */; };
		48BC6CA42AE0466F00AB0C1E /* Assets.xcassets in Resources */ = {isa = PBXBuildFile; fileRef = 48BC6CA32AE0466F00AB0C1E /* Assets.xcassets */; };
		48BC6CA72AE0466F00AB0C1E /* Preview Assets.xcassets in Resources */ = {isa = PBXBuildFile; fileRef = 48BC6CA62AE0466F00AB0C1E /* Preview Assets.xcassets */; };
		48BC6CA92AE0466F00AB0C1E /* Persistence.swift in Sources */ = {isa = PBXBuildFile; fileRef = 48BC6CA82AE0466F00AB0C1E /* Persistence.swift */; };
		48BC6CAC2AE0466F00AB0C1E /* SeriesTracker.xcdatamodeld in Sources */ = {isa = PBXBuildFile; fileRef = 48BC6CAA2AE0466F00AB0C1E /* SeriesTracker.xcdatamodeld */; };
/* End PBXBuildFile section */

/* Begin PBXFileReference section */
		48486AFB2AE41BDF00E6997E /* ShowsRepository.swift */ = {isa = PBXFileReference; lastKnownFileType = sourcecode.swift; path = ShowsRepository.swift; sourceTree = "<group>"; };
		48486B002AE430BF00E6997E /* ShowsMapper.swift */ = {isa = PBXFileReference; lastKnownFileType = sourcecode.swift; path = ShowsMapper.swift; sourceTree = "<group>"; };
		485151D62AE58BD2003BCF6C /* ShowDetailsView.swift */ = {isa = PBXFileReference; lastKnownFileType = sourcecode.swift; path = ShowDetailsView.swift; sourceTree = "<group>"; };
		48545F932AE1795100DBDB96 /* AddShowUiState.swift */ = {isa = PBXFileReference; lastKnownFileType = sourcecode.swift; path = AddShowUiState.swift; sourceTree = "<group>"; };
		48545F952AE1799500DBDB96 /* AddShowViewModel.swift */ = {isa = PBXFileReference; lastKnownFileType = sourcecode.swift; path = AddShowViewModel.swift; sourceTree = "<group>"; };
		48545F9C2AE1889000DBDB96 /* Show.swift */ = {isa = PBXFileReference; lastKnownFileType = sourcecode.swift; path = Show.swift; sourceTree = "<group>"; };
		48545F9F2AE188E400DBDB96 /* ShowsUiState.swift */ = {isa = PBXFileReference; lastKnownFileType = sourcecode.swift; path = ShowsUiState.swift; sourceTree = "<group>"; };
		48545FA12AE1893600DBDB96 /* ShowsViewModel.swift */ = {isa = PBXFileReference; lastKnownFileType = sourcecode.swift; path = ShowsViewModel.swift; sourceTree = "<group>"; };
		48545FA32AE18A1400DBDB96 /* ShowsView.swift */ = {isa = PBXFileReference; lastKnownFileType = sourcecode.swift; path = ShowsView.swift; sourceTree = "<group>"; };
		48661AEA2AE04C400067B7D8 /* AddShowView.swift */ = {isa = PBXFileReference; lastKnownFileType = sourcecode.swift; path = AddShowView.swift; sourceTree = "<group>"; };
		48661AED2AE0518E0067B7D8 /* TextFieldStyle.swift */ = {isa = PBXFileReference; lastKnownFileType = sourcecode.swift; path = TextFieldStyle.swift; sourceTree = "<group>"; };
		4899C2572AE30CCD00F34E34 /* AppView.swift */ = {isa = PBXFileReference; lastKnownFileType = sourcecode.swift; path = AppView.swift; sourceTree = "<group>"; };
		489F494A2AE81CE600B747BB /* ShowDetailsUiState.swift */ = {isa = PBXFileReference; lastKnownFileType = sourcecode.swift; path = ShowDetailsUiState.swift; sourceTree = "<group>"; };
		489F494C2AE81DE900B747BB /* ShowDetailsViewModel.swift */ = {isa = PBXFileReference; lastKnownFileType = sourcecode.swift; path = ShowDetailsViewModel.swift; sourceTree = "<group>"; };
		48BC6C9C2AE0466D00AB0C1E /* SeriesTracker.app */ = {isa = PBXFileReference; explicitFileType = wrapper.application; includeInIndex = 0; path = SeriesTracker.app; sourceTree = BUILT_PRODUCTS_DIR; };
		48BC6C9F2AE0466D00AB0C1E /* SeriesTrackerApp.swift */ = {isa = PBXFileReference; lastKnownFileType = sourcecode.swift; path = SeriesTrackerApp.swift; sourceTree = "<group>"; };
		48BC6CA32AE0466F00AB0C1E /* Assets.xcassets */ = {isa = PBXFileReference; lastKnownFileType = folder.assetcatalog; path = Assets.xcassets; sourceTree = "<group>"; };
		48BC6CA62AE0466F00AB0C1E /* Preview Assets.xcassets */ = {isa = PBXFileReference; lastKnownFileType = folder.assetcatalog; path = "Preview Assets.xcassets"; sourceTree = "<group>"; };
		48BC6CA82AE0466F00AB0C1E /* Persistence.swift */ = {isa = PBXFileReference; lastKnownFileType = sourcecode.swift; path = Persistence.swift; sourceTree = "<group>"; };
		48BC6CAB2AE0466F00AB0C1E /* SeriesTracker.xcdatamodel */ = {isa = PBXFileReference; lastKnownFileType = wrapper.xcdatamodel; path = SeriesTracker.xcdatamodel; sourceTree = "<group>"; };
/* End PBXFileReference section */

/* Begin PBXFrameworksBuildPhase section */
		48BC6C992AE0466D00AB0C1E /* Frameworks */ = {
			isa = PBXFrameworksBuildPhase;
			buildActionMask = 2147483647;
			files = (
			);
			runOnlyForDeploymentPostprocessing = 0;
		};
/* End PBXFrameworksBuildPhase section */

/* Begin PBXGroup section */
		48486AFA2AE41BBC00E6997E /* Shows */ = {
			isa = PBXGroup;
			children = (
				48486B002AE430BF00E6997E /* ShowsMapper.swift */,
				48486AFB2AE41BDF00E6997E /* ShowsRepository.swift */,
			);
			path = Shows;
			sourceTree = "<group>";
		};
		485151D52AE58BB0003BCF6C /* ShowDetails */ = {
			isa = PBXGroup;
			children = (
				489F494A2AE81CE600B747BB /* ShowDetailsUiState.swift */,
				485151D62AE58BD2003BCF6C /* ShowDetailsView.swift */,
				489F494C2AE81DE900B747BB /* ShowDetailsViewModel.swift */,
			);
			path = ShowDetails;
			sourceTree = "<group>";
		};
		48545F972AE17EA300DBDB96 /* Presentation */ = {
			isa = PBXGroup;
			children = (
				48661AEF2AE060A00067B7D8 /* AddShow */,
				48545F9B2AE183B600DBDB96 /* Common */,
				485151D52AE58BB0003BCF6C /* ShowDetails */,
				48545F9E2AE188A200DBDB96 /* Shows */,
			);
			path = Presentation;
			sourceTree = "<group>";
		};
		48545F982AE17EAD00DBDB96 /* Domain */ = {
			isa = PBXGroup;
			children = (
				48545F9C2AE1889000DBDB96 /* Show.swift */,
			);
			path = Domain;
			sourceTree = "<group>";
		};
		48545F9B2AE183B600DBDB96 /* Common */ = {
			isa = PBXGroup;
			children = (
				48661AEC2AE050BC0067B7D8 /* Styles */,
			);
			path = Common;
			sourceTree = "<group>";
		};
		48545F9E2AE188A200DBDB96 /* Shows */ = {
			isa = PBXGroup;
			children = (
				48545F9F2AE188E400DBDB96 /* ShowsUiState.swift */,
				48545FA32AE18A1400DBDB96 /* ShowsView.swift */,
				48545FA12AE1893600DBDB96 /* ShowsViewModel.swift */,
			);
			path = Shows;
			sourceTree = "<group>";
		};
		48661AEC2AE050BC0067B7D8 /* Styles */ = {
			isa = PBXGroup;
			children = (
				48661AED2AE0518E0067B7D8 /* TextFieldStyle.swift */,
			);
			path = Styles;
			sourceTree = "<group>";
		};
		48661AEF2AE060A00067B7D8 /* AddShow */ = {
			isa = PBXGroup;
			children = (
				48545F932AE1795100DBDB96 /* AddShowUiState.swift */,
				48661AEA2AE04C400067B7D8 /* AddShowView.swift */,
				48545F952AE1799500DBDB96 /* AddShowViewModel.swift */,
			);
			path = AddShow;
			sourceTree = "<group>";
		};
		4899C2562AE30CA300F34E34 /* Data */ = {
			isa = PBXGroup;
			children = (
				48BC6CA82AE0466F00AB0C1E /* Persistence.swift */,
				48BC6CAA2AE0466F00AB0C1E /* SeriesTracker.xcdatamodeld */,
				48486AFA2AE41BBC00E6997E /* Shows */,
			);
			path = Data;
			sourceTree = "<group>";
		};
		48BC6C932AE0466D00AB0C1E = {
			isa = PBXGroup;
			children = (
				48BC6C9E2AE0466D00AB0C1E /* SeriesTracker */,
				48BC6C9D2AE0466D00AB0C1E /* Products */,
			);
			sourceTree = "<group>";
		};
		48BC6C9D2AE0466D00AB0C1E /* Products */ = {
			isa = PBXGroup;
			children = (
				48BC6C9C2AE0466D00AB0C1E /* SeriesTracker.app */,
			);
			name = Products;
			sourceTree = "<group>";
		};
		48BC6C9E2AE0466D00AB0C1E /* SeriesTracker */ = {
			isa = PBXGroup;
			children = (
				4899C2562AE30CA300F34E34 /* Data */,
				48545F982AE17EAD00DBDB96 /* Domain */,
				48545F972AE17EA300DBDB96 /* Presentation */,
				48BC6C9F2AE0466D00AB0C1E /* SeriesTrackerApp.swift */,
				4899C2572AE30CCD00F34E34 /* AppView.swift */,
				48BC6CA32AE0466F00AB0C1E /* Assets.xcassets */,
				48BC6CA52AE0466F00AB0C1E /* Preview Content */,
			);
			path = SeriesTracker;
			sourceTree = "<group>";
		};
		48BC6CA52AE0466F00AB0C1E /* Preview Content */ = {
			isa = PBXGroup;
			children = (
				48BC6CA62AE0466F00AB0C1E /* Preview Assets.xcassets */,
			);
			path = "Preview Content";
			sourceTree = "<group>";
		};
/* End PBXGroup section */

/* Begin PBXNativeTarget section */
		48BC6C9B2AE0466D00AB0C1E /* SeriesTracker */ = {
			isa = PBXNativeTarget;
			buildConfigurationList = 48BC6CAF2AE0466F00AB0C1E /* Build configuration list for PBXNativeTarget "SeriesTracker" */;
			buildPhases = (
				48BC6C982AE0466D00AB0C1E /* Sources */,
				48BC6C992AE0466D00AB0C1E /* Frameworks */,
				48BC6C9A2AE0466D00AB0C1E /* Resources */,
			);
			buildRules = (
			);
			dependencies = (
			);
			name = SeriesTracker;
			productName = SeriesTracker;
			productReference = 48BC6C9C2AE0466D00AB0C1E /* SeriesTracker.app */;
			productType = "com.apple.product-type.application";
		};
/* End PBXNativeTarget section */

/* Begin PBXProject section */
		48BC6C942AE0466D00AB0C1E /* Project object */ = {
			isa = PBXProject;
			attributes = {
				BuildIndependentTargetsInParallel = 1;
				LastSwiftUpdateCheck = 1430;
				LastUpgradeCheck = 1430;
				TargetAttributes = {
					48BC6C9B2AE0466D00AB0C1E = {
						CreatedOnToolsVersion = 14.3.1;
					};
				};
			};
			buildConfigurationList = 48BC6C972AE0466D00AB0C1E /* Build configuration list for PBXProject "SeriesTracker" */;
			compatibilityVersion = "Xcode 14.0";
			developmentRegion = en;
			hasScannedForEncodings = 0;
			knownRegions = (
				en,
				Base,
			);
			mainGroup = 48BC6C932AE0466D00AB0C1E;
			productRefGroup = 48BC6C9D2AE0466D00AB0C1E /* Products */;
			projectDirPath = "";
			projectRoot = "";
			targets = (
				48BC6C9B2AE0466D00AB0C1E /* SeriesTracker */,
			);
		};
/* End PBXProject section */

/* Begin PBXResourcesBuildPhase section */
		48BC6C9A2AE0466D00AB0C1E /* Resources */ = {
			isa = PBXResourcesBuildPhase;
			buildActionMask = 2147483647;
			files = (
				48BC6CA72AE0466F00AB0C1E /* Preview Assets.xcassets in Resources */,
				48BC6CA42AE0466F00AB0C1E /* Assets.xcassets in Resources */,
			);
			runOnlyForDeploymentPostprocessing = 0;
		};
/* End PBXResourcesBuildPhase section */

/* Begin PBXSourcesBuildPhase section */
		48BC6C982AE0466D00AB0C1E /* Sources */ = {
			isa = PBXSourcesBuildPhase;
			buildActionMask = 2147483647;
			files = (
				48BC6CA92AE0466F00AB0C1E /* Persistence.swift in Sources */,
				48BC6CAC2AE0466F00AB0C1E /* SeriesTracker.xcdatamodeld in Sources */,
				485151D72AE58BD2003BCF6C /* ShowDetailsView.swift in Sources */,
				48545FA02AE188E400DBDB96 /* ShowsUiState.swift in Sources */,
				48661AEB2AE04C400067B7D8 /* AddShowView.swift in Sources */,
				48661AEE2AE0518E0067B7D8 /* TextFieldStyle.swift in Sources */,
				48486B012AE430BF00E6997E /* ShowsMapper.swift in Sources */,
				48545F942AE1795100DBDB96 /* AddShowUiState.swift in Sources */,
				48BC6CA02AE0466D00AB0C1E /* SeriesTrackerApp.swift in Sources */,
				489F494B2AE81CE600B747BB /* ShowDetailsUiState.swift in Sources */,
				48486AFC2AE41BDF00E6997E /* ShowsRepository.swift in Sources */,
				48545F9D2AE1889000DBDB96 /* Show.swift in Sources */,
				4899C2582AE30CCD00F34E34 /* AppView.swift in Sources */,
				48545FA42AE18A1400DBDB96 /* ShowsView.swift in Sources */,
				48545F962AE1799500DBDB96 /* AddShowViewModel.swift in Sources */,
				48545FA22AE1893600DBDB96 /* ShowsViewModel.swift in Sources */,
				489F494D2AE81DE900B747BB /* ShowDetailsViewModel.swift in Sources */,
			);
			runOnlyForDeploymentPostprocessing = 0;
		};
/* End PBXSourcesBuildPhase section */

/* Begin XCBuildConfiguration section */
		48BC6CAD2AE0466F00AB0C1E /* Debug */ = {
			isa = XCBuildConfiguration;
			buildSettings = {
				ALWAYS_SEARCH_USER_PATHS = NO;
				CLANG_ANALYZER_NONNULL = YES;
				CLANG_ANALYZER_NUMBER_OBJECT_CONVERSION = YES_AGGRESSIVE;
				CLANG_CXX_LANGUAGE_STANDARD = "gnu++20";
				CLANG_ENABLE_MODULES = YES;
				CLANG_ENABLE_OBJC_ARC = YES;
				CLANG_ENABLE_OBJC_WEAK = YES;
				CLANG_WARN_BLOCK_CAPTURE_AUTORELEASING = YES;
				CLANG_WARN_BOOL_CONVERSION = YES;
				CLANG_WARN_COMMA = YES;
				CLANG_WARN_CONSTANT_CONVERSION = YES;
				CLANG_WARN_DEPRECATED_OBJC_IMPLEMENTATIONS = YES;
				CLANG_WARN_DIRECT_OBJC_ISA_USAGE = YES_ERROR;
				CLANG_WARN_DOCUMENTATION_COMMENTS = YES;
				CLANG_WARN_EMPTY_BODY = YES;
				CLANG_WARN_ENUM_CONVERSION = YES;
				CLANG_WARN_INFINITE_RECURSION = YES;
				CLANG_WARN_INT_CONVERSION = YES;
				CLANG_WARN_NON_LITERAL_NULL_CONVERSION = YES;
				CLANG_WARN_OBJC_IMPLICIT_RETAIN_SELF = YES;
				CLANG_WARN_OBJC_LITERAL_CONVERSION = YES;
				CLANG_WARN_OBJC_ROOT_CLASS = YES_ERROR;
				CLANG_WARN_QUOTED_INCLUDE_IN_FRAMEWORK_HEADER = YES;
				CLANG_WARN_RANGE_LOOP_ANALYSIS = YES;
				CLANG_WARN_STRICT_PROTOTYPES = YES;
				CLANG_WARN_SUSPICIOUS_MOVE = YES;
				CLANG_WARN_UNGUARDED_AVAILABILITY = YES_AGGRESSIVE;
				CLANG_WARN_UNREACHABLE_CODE = YES;
				CLANG_WARN__DUPLICATE_METHOD_MATCH = YES;
				COPY_PHASE_STRIP = NO;
				DEBUG_INFORMATION_FORMAT = dwarf;
				ENABLE_STRICT_OBJC_MSGSEND = YES;
				ENABLE_TESTABILITY = YES;
				GCC_C_LANGUAGE_STANDARD = gnu11;
				GCC_DYNAMIC_NO_PIC = NO;
				GCC_NO_COMMON_BLOCKS = YES;
				GCC_OPTIMIZATION_LEVEL = 0;
				GCC_PREPROCESSOR_DEFINITIONS = (
					"DEBUG=1",
					"$(inherited)",
				);
				GCC_WARN_64_TO_32_BIT_CONVERSION = YES;
				GCC_WARN_ABOUT_RETURN_TYPE = YES_ERROR;
				GCC_WARN_UNDECLARED_SELECTOR = YES;
				GCC_WARN_UNINITIALIZED_AUTOS = YES_AGGRESSIVE;
				GCC_WARN_UNUSED_FUNCTION = YES;
				GCC_WARN_UNUSED_VARIABLE = YES;
				IPHONEOS_DEPLOYMENT_TARGET = 16.0;
				MTL_ENABLE_DEBUG_INFO = INCLUDE_SOURCE;
				MTL_FAST_MATH = YES;
				ONLY_ACTIVE_ARCH = YES;
				SDKROOT = iphoneos;
				SWIFT_ACTIVE_COMPILATION_CONDITIONS = DEBUG;
				SWIFT_OPTIMIZATION_LEVEL = "-Onone";
			};
			name = Debug;
		};
		48BC6CAE2AE0466F00AB0C1E /* Release */ = {
			isa = XCBuildConfiguration;
			buildSettings = {
				ALWAYS_SEARCH_USER_PATHS = NO;
				CLANG_ANALYZER_NONNULL = YES;
				CLANG_ANALYZER_NUMBER_OBJECT_CONVERSION = YES_AGGRESSIVE;
				CLANG_CXX_LANGUAGE_STANDARD = "gnu++20";
				CLANG_ENABLE_MODULES = YES;
				CLANG_ENABLE_OBJC_ARC = YES;
				CLANG_ENABLE_OBJC_WEAK = YES;
				CLANG_WARN_BLOCK_CAPTURE_AUTORELEASING = YES;
				CLANG_WARN_BOOL_CONVERSION = YES;
				CLANG_WARN_COMMA = YES;
				CLANG_WARN_CONSTANT_CONVERSION = YES;
				CLANG_WARN_DEPRECATED_OBJC_IMPLEMENTATIONS = YES;
				CLANG_WARN_DIRECT_OBJC_ISA_USAGE = YES_ERROR;
				CLANG_WARN_DOCUMENTATION_COMMENTS = YES;
				CLANG_WARN_EMPTY_BODY = YES;
				CLANG_WARN_ENUM_CONVERSION = YES;
				CLANG_WARN_INFINITE_RECURSION = YES;
				CLANG_WARN_INT_CONVERSION = YES;
				CLANG_WARN_NON_LITERAL_NULL_CONVERSION = YES;
				CLANG_WARN_OBJC_IMPLICIT_RETAIN_SELF = YES;
				CLANG_WARN_OBJC_LITERAL_CONVERSION = YES;
				CLANG_WARN_OBJC_ROOT_CLASS = YES_ERROR;
				CLANG_WARN_QUOTED_INCLUDE_IN_FRAMEWORK_HEADER = YES;
				CLANG_WARN_RANGE_LOOP_ANALYSIS = YES;
				CLANG_WARN_STRICT_PROTOTYPES = YES;
				CLANG_WARN_SUSPICIOUS_MOVE = YES;
				CLANG_WARN_UNGUARDED_AVAILABILITY = YES_AGGRESSIVE;
				CLANG_WARN_UNREACHABLE_CODE = YES;
				CLANG_WARN__DUPLICATE_METHOD_MATCH = YES;
				COPY_PHASE_STRIP = NO;
				DEBUG_INFORMATION_FORMAT = "dwarf-with-dsym";
				ENABLE_NS_ASSERTIONS = NO;
				ENABLE_STRICT_OBJC_MSGSEND = YES;
				GCC_C_LANGUAGE_STANDARD = gnu11;
				GCC_NO_COMMON_BLOCKS = YES;
				GCC_WARN_64_TO_32_BIT_CONVERSION = YES;
				GCC_WARN_ABOUT_RETURN_TYPE = YES_ERROR;
				GCC_WARN_UNDECLARED_SELECTOR = YES;
				GCC_WARN_UNINITIALIZED_AUTOS = YES_AGGRESSIVE;
				GCC_WARN_UNUSED_FUNCTION = YES;
				GCC_WARN_UNUSED_VARIABLE = YES;
				IPHONEOS_DEPLOYMENT_TARGET = 16.0;
				MTL_ENABLE_DEBUG_INFO = NO;
				MTL_FAST_MATH = YES;
				SDKROOT = iphoneos;
				SWIFT_COMPILATION_MODE = wholemodule;
				SWIFT_OPTIMIZATION_LEVEL = "-O";
				VALIDATE_PRODUCT = YES;
			};
			name = Release;
		};
		48BC6CB02AE0466F00AB0C1E /* Debug */ = {
			isa = XCBuildConfiguration;
			buildSettings = {
				ASSETCATALOG_COMPILER_APPICON_NAME = AppIcon;
				ASSETCATALOG_COMPILER_GLOBAL_ACCENT_COLOR_NAME = AccentColor;
				CODE_SIGN_STYLE = Automatic;
				CURRENT_PROJECT_VERSION = 1;
				DEVELOPMENT_ASSET_PATHS = "\"SeriesTracker/Preview Content\"";
				DEVELOPMENT_TEAM = 49Y559N5CS;
				ENABLE_PREVIEWS = YES;
				GENERATE_INFOPLIST_FILE = YES;
				INFOPLIST_KEY_UIApplicationSceneManifest_Generation = YES;
				INFOPLIST_KEY_UIApplicationSupportsIndirectInputEvents = YES;
				INFOPLIST_KEY_UILaunchScreen_Generation = YES;
				INFOPLIST_KEY_UISupportedInterfaceOrientations_iPad = "UIInterfaceOrientationPortrait UIInterfaceOrientationPortraitUpsideDown UIInterfaceOrientationLandscapeLeft UIInterfaceOrientationLandscapeRight";
				INFOPLIST_KEY_UISupportedInterfaceOrientations_iPhone = "UIInterfaceOrientationPortrait UIInterfaceOrientationLandscapeLeft UIInterfaceOrientationLandscapeRight";
				LD_RUNPATH_SEARCH_PATHS = (
					"$(inherited)",
					"@executable_path/Frameworks",
				);
				MARKETING_VERSION = 1.0;
				PRODUCT_BUNDLE_IDENTIFIER = com.github.plushmesh.SeriesTracker;
				PRODUCT_NAME = "$(TARGET_NAME)";
				SWIFT_EMIT_LOC_STRINGS = YES;
				SWIFT_VERSION = 5.0;
				TARGETED_DEVICE_FAMILY = "1,2";
			};
			name = Debug;
		};
		48BC6CB12AE0466F00AB0C1E /* Release */ = {
			isa = XCBuildConfiguration;
			buildSettings = {
				ASSETCATALOG_COMPILER_APPICON_NAME = AppIcon;
				ASSETCATALOG_COMPILER_GLOBAL_ACCENT_COLOR_NAME = AccentColor;
				CODE_SIGN_STYLE = Automatic;
				CURRENT_PROJECT_VERSION = 1;
				DEVELOPMENT_ASSET_PATHS = "\"SeriesTracker/Preview Content\"";
				DEVELOPMENT_TEAM = 49Y559N5CS;
				ENABLE_PREVIEWS = YES;
				GENERATE_INFOPLIST_FILE = YES;
				INFOPLIST_KEY_UIApplicationSceneManifest_Generation = YES;
				INFOPLIST_KEY_UIApplicationSupportsIndirectInputEvents = YES;
				INFOPLIST_KEY_UILaunchScreen_Generation = YES;
				INFOPLIST_KEY_UISupportedInterfaceOrientations_iPad = "UIInterfaceOrientationPortrait UIInterfaceOrientationPortraitUpsideDown UIInterfaceOrientationLandscapeLeft UIInterfaceOrientationLandscapeRight";
				INFOPLIST_KEY_UISupportedInterfaceOrientations_iPhone = "UIInterfaceOrientationPortrait UIInterfaceOrientationLandscapeLeft UIInterfaceOrientationLandscapeRight";
				LD_RUNPATH_SEARCH_PATHS = (
					"$(inherited)",
					"@executable_path/Frameworks",
				);
				MARKETING_VERSION = 1.0;
				PRODUCT_BUNDLE_IDENTIFIER = com.github.plushmesh.SeriesTracker;
				PRODUCT_NAME = "$(TARGET_NAME)";
				SWIFT_EMIT_LOC_STRINGS = YES;
				SWIFT_VERSION = 5.0;
				TARGETED_DEVICE_FAMILY = "1,2";
			};
			name = Release;
		};
/* End XCBuildConfiguration section */

/* Begin XCConfigurationList section */
		48BC6C972AE0466D00AB0C1E /* Build configuration list for PBXProject "SeriesTracker" */ = {
			isa = XCConfigurationList;
			buildConfigurations = (
				48BC6CAD2AE0466F00AB0C1E /* Debug */,
				48BC6CAE2AE0466F00AB0C1E /* Release */,
			);
			defaultConfigurationIsVisible = 0;
			defaultConfigurationName = Release;
		};
		48BC6CAF2AE0466F00AB0C1E /* Build configuration list for PBXNativeTarget "SeriesTracker" */ = {
			isa = XCConfigurationList;
			buildConfigurations = (
				48BC6CB02AE0466F00AB0C1E /* Debug */,
				48BC6CB12AE0466F00AB0C1E /* Release */,
			);
			defaultConfigurationIsVisible = 0;
			defaultConfigurationName = Release;
		};
/* End XCConfigurationList section */

/* Begin XCVersionGroup section */
		48BC6CAA2AE0466F00AB0C1E /* SeriesTracker.xcdatamodeld */ = {
			isa = XCVersionGroup;
			children = (
				48BC6CAB2AE0466F00AB0C1E /* SeriesTracker.xcdatamodel */,
			);
			currentVersion = 48BC6CAB2AE0466F00AB0C1E /* SeriesTracker.xcdatamodel */;
			path = SeriesTracker.xcdatamodeld;
			sourceTree = "<group>";
			versionGroupType = wrapper.xcdatamodel;
		};
/* End XCVersionGroup section */
	};
	rootObject = 48BC6C942AE0466D00AB0C1E /* Project object */;
}
